
Microsoft Visual Studio Solution File, Format Version 12.00
Project("{FAE04EC0-301F-11D3-BF4B-00C04F79EFBC}") = "AdventOfCode", "AdventOfCode\AdventOfCode.csproj", "{808E7EAA-0C40-400C-878C-C3AC6C1C2D0A}"
EndProject
Project("{FAE04EC0-301F-11D3-BF4B-00C04F79EFBC}") = "AdventOfCode.Test", "AdventOfCode.Test\AdventOfCode.Test.csproj", "{D3ED8317-7590-4682-8EDB-96634E54E37B}"
EndProject
Global
	GlobalSection(SolutionConfigurationPlatforms) = preSolution
		Debug|Any CPU = Debug|Any CPU
		Release|Any CPU = Release|Any CPU
	EndGlobalSection
	GlobalSection(ProjectConfigurationPlatforms) = postSolution
		{808E7EAA-0C40-400C-878C-C3AC6C1C2D0A}.Debug|Any CPU.ActiveCfg = Debug|Any CPU
		{808E7EAA-0C40-400C-878C-C3AC6C1C2D0A}.Debug|Any CPU.Build.0 = Debug|Any CPU
		{808E7EAA-0C40-400C-878C-C3AC6C1C2D0A}.Release|Any CPU.ActiveCfg = Release|Any CPU
		{808E7EAA-0C40-400C-878C-C3AC6C1C2D0A}.Release|Any CPU.Build.0 = Release|Any CPU
		{D3ED8317-7590-4682-8EDB-96634E54E37B}.Debug|Any CPU.ActiveCfg = Debug|Any CPU
		{D3ED8317-7590-4682-8EDB-96634E54E37B}.Debug|Any CPU.Build.0 = Debug|Any CPU
		{D3ED8317-7590-4682-8EDB-96634E54E37B}.Release|Any CPU.ActiveCfg = Release|Any CPU
		{D3ED8317-7590-4682-8EDB-96634E54E37B}.Release|Any CPU.Build.0 = Release|Any CPU
	EndGlobalSection
	GlobalSection(SolutionProperties) = preSolution
		HideSolutionNode = FALSE
	EndGlobalSection
EndGlobal
